
Microsoft Visual Studio Solution File, Format Version 12.00
# Visual Studio Version 16
VisualStudioVersion = 16.0.33423.256
MinimumVisualStudioVersion = 10.0.40219.1
Project("{FAE04EC0-301F-11D3-BF4B-00C04F79EFBC}") = "CryptoBotV2", "CryptoBotV2.csproj", "{55397C91-341D-44D0-9796-816EA14AD75B}"
EndProject
Global
	GlobalSection(SolutionConfigurationPlatforms) = preSolution
		Debug|Any CPU = Debug|Any CPU
		Release|Any CPU = Release|Any CPU
	EndGlobalSection
	GlobalSection(ProjectConfigurationPlatforms) = postSolution
		{55397C91-341D-44D0-9796-816EA14AD75B}.Debug|Any CPU.ActiveCfg = Debug|Any CPU
		{55397C91-341D-44D0-9796-816EA14AD75B}.Debug|Any CPU.Build.0 = Debug|Any CPU
		{55397C91-341D-44D0-9796-816EA14AD75B}.Release|Any CPU.ActiveCfg = Release|Any CPU
		{55397C91-341D-44D0-9796-816EA14AD75B}.Release|Any CPU.Build.0 = Release|Any CPU
	EndGlobalSection
	GlobalSection(SolutionProperties) = preSolution
		HideSolutionNode = FALSE
	EndGlobalSection
	GlobalSection(ExtensibilityGlobals) = postSolution
		SolutionGuid = {76422F22-8542-4F1E-A348-BBED9C65B304}
	EndGlobalSection
EndGlobal
